# THIS IS AN AUTOGENERATED FILE. DO NOT EDIT THIS FILE DIRECTLY.
# yarn lockfile v1


"@babel/runtime@^7.0.0", "@babel/runtime@^7.3.1":
  version "7.8.7"
  resolved "https://registry.yarnpkg.com/@babel/runtime/-/runtime-7.8.7.tgz#8fefce9802db54881ba59f90bb28719b4996324d"
  integrity sha512-+AATMUFppJDw6aiR5NVPHqIQBlV/Pj8wY/EZH+lmvRdUo9xBaz/rF3alAwFJQavvKfeOlPE7oaaDHVbcySbCsg==
  dependencies:
    regenerator-runtime "^0.13.4"

"@deck.gl/core@^8.0.17":
  version "8.0.17"
  resolved "https://registry.yarnpkg.com/@deck.gl/core/-/core-8.0.17.tgz#3bfa5560123351f03abfeb73fd090b222f9dbe18"
  integrity sha512-V75APjj+begE7VS4gIg4ngO4yM9VeXcZhiqkyQWQn+5VLfsis6K1iXBa4JAaaqD0Lz+Sckis4JKG6yD7FgYikA==
  dependencies:
    "@loaders.gl/core" "^2.0.2"
    "@loaders.gl/images" "^2.0.2"
    "@luma.gl/core" "^8.0.3"
    "@math.gl/web-mercator" "^3.1.3"
    gl-matrix "^3.0.0"
    math.gl "^3.1.2"
    mjolnir.js "^2.3.0"
    probe.gl "^3.2.0"

"@loaders.gl/core@^2.0.2":
  version "2.0.4"
  resolved "https://registry.yarnpkg.com/@loaders.gl/core/-/core-2.0.4.tgz#10f647bf0e10af971a7d4e60031992f54c76a91b"
  integrity sha512-rBj2QwZh5wUEYblI5tEf0uFRps23Hu/0OM4lA27y+9BUNrT1D4CVBktqsQ6EyMRFWoBGO6Q6G9SEg/49I6MM5w==
  dependencies:
    "@babel/runtime" "^7.3.1"
    "@loaders.gl/loader-utils" "2.0.4"

"@loaders.gl/images@^2.0.2":
  version "2.0.4"
  resolved "https://registry.yarnpkg.com/@loaders.gl/images/-/images-2.0.4.tgz#45d5321802438c9d4ec522c2afc737bfbf033910"
  integrity sha512-k2zgMdLpewPtE9IZ8h0D6GBTBFlYihgiUKsWls4Z+OGM5fW6R9781Jk6C6ftVur0LFk0TN6MA6Kx0u0NaI1/Ug==

"@loaders.gl/loader-utils@2.0.4":
  version "2.0.4"
  resolved "https://registry.yarnpkg.com/@loaders.gl/loader-utils/-/loader-utils-2.0.4.tgz#de2494f85e6e36fc05ec43ee1d2ada65bcd7f3f6"
  integrity sha512-e+Grafj+6pk+7WDClWW/OsuTg/wpaJ3+pLX7c+eG3KmcxiLEDoCNWSvQVbR8ALU4Y6m3S32+WlHptBnN1LL48A==
  dependencies:
    "@babel/runtime" "^7.3.1"

"@luma.gl/constants@8.0.5":
  version "8.0.5"
  resolved "https://registry.yarnpkg.com/@luma.gl/constants/-/constants-8.0.5.tgz#fcbbc330f341eaf98ccaca57aa396768f1464f9f"
  integrity sha512-wLoY+4kZyAEwICdi/BeatRZTAGezii4srUiNlqmtzwUgQMg1xBUF1+jqCR6rT5zD9FcNTf/8Kr2+rimvKA0/Aw==

"@luma.gl/core@^8.0.3":
  version "8.0.5"
  resolved "https://registry.yarnpkg.com/@luma.gl/core/-/core-8.0.5.tgz#8b06cce6c4e7ff9a1996e3b415526c7cd211af04"
  integrity sha512-orX53L8+uFu493vGd8n4b1iMpspxPdidGk3MDdAhi4rcKgYmow7gWfDDW/tthP5aRmYAv8CovrcCuNlW/BEy6Q==
  dependencies:
    "@babel/runtime" "^7.0.0"
    "@luma.gl/constants" "8.0.5"
    "@luma.gl/engine" "8.0.5"
    "@luma.gl/shadertools" "8.0.5"
    "@luma.gl/webgl" "8.0.5"

"@luma.gl/engine@8.0.5":
  version "8.0.5"
  resolved "https://registry.yarnpkg.com/@luma.gl/engine/-/engine-8.0.5.tgz#c004bd4f93db247a40f36f02beef5b4622dc5ad1"
  integrity sha512-jZecURL1SZ5zy/esLp5R1Mg6UDOQceVKAgrVRJafbb2gsn/0b4Kw4lUteHFRroi91qoluMrylDPZbSJqApiMIw==
  dependencies:
    "@babel/runtime" "^7.0.0"
    "@luma.gl/constants" "8.0.5"
    "@luma.gl/gltools" "8.0.5"
    "@luma.gl/shadertools" "8.0.5"
    "@luma.gl/webgl" "8.0.5"
    math.gl "^3.1.2"
    probe.gl "^3.2.0"

"@luma.gl/gltools@8.0.5":
  version "8.0.5"
  resolved "https://registry.yarnpkg.com/@luma.gl/gltools/-/gltools-8.0.5.tgz#e6cd444a155006e03752b1e369ac7671af19cab1"
  integrity sha512-+qfogtK7oYcLXYWILbf+UxFhWgl293vebf+cvm7KBsNbPYKO8YHgXHO3KjrS3dMl6JmNay+3gUeCrmmtmWIvWg==
  dependencies:
    "@babel/runtime" "^7.0.0"
    "@luma.gl/constants" "8.0.5"
    probe.gl "^3.2.0"

"@luma.gl/shadertools@8.0.5":
  version "8.0.5"
  resolved "https://registry.yarnpkg.com/@luma.gl/shadertools/-/shadertools-8.0.5.tgz#dae3464a7f200cdd9c1b40aec419e19a9fe7003f"
  integrity sha512-PeIQjruDTRJQ5H3Ykkv/TqZrMtfLR6chKRS8VTQNAD2TKN0TW/6iBYjNeKulq4MDGrgg3CHvOhcgccL9LcHZ2w==
  dependencies:
    "@babel/runtime" "^7.0.0"
    math.gl "^3.1.2"

"@luma.gl/webgl@8.0.5":
  version "8.0.5"
  resolved "https://registry.yarnpkg.com/@luma.gl/webgl/-/webgl-8.0.5.tgz#ee4e4528b9f9d2f9f4d1f8a6aac81fe42e7058bc"
  integrity sha512-8Ps9TRVqcjFY0qp2vjPHpPKxoa2RSf1jzUMEc0yd+gyf+P6r05r3ZRwvgW7n54IVssg23eYVXCAmiIYWklAw/A==
  dependencies:
    "@babel/runtime" "^7.0.0"
    "@luma.gl/constants" "8.0.5"
    "@luma.gl/gltools" "8.0.5"
    probe.gl "^3.2.0"

"@math.gl/core@3.1.3":
  version "3.1.3"
  resolved "https://registry.yarnpkg.com/@math.gl/core/-/core-3.1.3.tgz#70b0349708d170325eecf043b6840029bc57cda5"
  integrity sha512-vpYyUYaE9h5KhJC4BJp4CeWThB7rrfs40d36dKkn45Vgzuj2lVCJ8FeU0S5XWYa495DLxxECED0IZt9ROvlwcg==
  dependencies:
    "@babel/runtime" "^7.0.0"
    gl-matrix "^3.0.0"

"@math.gl/web-mercator@^3.1.3":
  version "3.1.3"
  resolved "https://registry.yarnpkg.com/@math.gl/web-mercator/-/web-mercator-3.1.3.tgz#3a6b2aeb6c68b331f26269c2fa1905cacc40e84b"
  integrity sha512-aU+3upxkdA9yObA7EudfEKfN/QH4o5impyc7s/a34J2hZKPsihgREphxnKzl2RknXD/KoL7MnQv589LToAJGMQ==
  dependencies:
    "@babel/runtime" "^7.0.0"
    gl-matrix "^3.0.0"

"@probe.gl/stats@3.2.1":
  version "3.2.1"
  resolved "https://registry.yarnpkg.com/@probe.gl/stats/-/stats-3.2.1.tgz#4e95c75513229ebb01384045e89524a466c022eb"
  integrity sha512-tXe5krgbodxtVdUVWG4oIicMoCHNGp7QYkaHSDrUeTfJVqYuZz99T6r7qmn0bCo4wQlzn936jJ+QiAltHxatig==
  dependencies:
    "@babel/runtime" "^7.0.0"

"@turf/bbox@*", "@turf/bbox@^6.0.1":
  version "6.0.1"
  resolved "https://registry.yarnpkg.com/@turf/bbox/-/bbox-6.0.1.tgz#b966075771475940ee1c16be2a12cf389e6e923a"
  integrity sha512-EGgaRLettBG25Iyx7VyUINsPpVj1x3nFQFiGS3ER8KCI1MximzNLsam3eXRabqQDjyAKyAE1bJ4EZEpGvspQxw==
  dependencies:
    "@turf/helpers" "6.x"
    "@turf/meta" "6.x"

"@turf/boolean-crosses@^6.0.1":
  version "6.0.1"
  resolved "https://registry.yarnpkg.com/@turf/boolean-crosses/-/boolean-crosses-6.0.1.tgz#4458cce89647c477602b3f8dc68e4caa6aa0d23f"
  integrity sha512-t7F7joMMI0s2y/HOr3r1t74BV37TJZj+nNUnM2rMIvGUDKHdEhBcQYeh+bvs+oyv/laOyqTLT5ds6hkXd4kHgQ==
  dependencies:
    "@turf/boolean-point-in-polygon" "6.x"
    "@turf/helpers" "6.x"
    "@turf/invariant" "6.x"
    "@turf/line-intersect" "6.x"
    "@turf/polygon-to-line" "6.x"

"@turf/boolean-point-in-polygon@6.x", "@turf/boolean-point-in-polygon@^6.0.1":
  version "6.0.1"
  resolved "https://registry.yarnpkg.com/@turf/boolean-point-in-polygon/-/boolean-point-in-polygon-6.0.1.tgz#5836677afd77d2ee391af0056a0c29b660edfa32"
  integrity sha512-FKLOZ124vkJhjzNSDcqpwp2NvfnsbYoUOt5iAE7uskt4svix5hcjIEgX9sELFTJpbLGsD1mUbKdfns8tZxcMNg==
  dependencies:
    "@turf/helpers" "6.x"
    "@turf/invariant" "6.x"

"@turf/helpers@6.x", "@turf/helpers@^6.1.4":
  version "6.1.4"
  resolved "https://registry.yarnpkg.com/@turf/helpers/-/helpers-6.1.4.tgz#d6fd7ebe6782dd9c87dca5559bda5c48ae4c3836"
  integrity sha512-vJvrdOZy1ngC7r3MDA7zIGSoIgyrkWcGnNIEaqn/APmw+bVLF2gAW7HIsdTxd12s5wQMqEpqIQrmrbRRZ0xC7g==

"@turf/invariant@6.x", "@turf/invariant@^6.1.2":
  version "6.1.2"
  resolved "https://registry.yarnpkg.com/@turf/invariant/-/invariant-6.1.2.tgz#6013ed6219f9ac2edada9b31e1dfa5918eb0a2f7"
  integrity sha512-WU08Ph8j0J2jVGlQCKChXoCtI50BB3yEH21V++V0T4cR1T27HKCxkehV2sYMwTierfMBgjwSwDIsxnR4/2mWXg==
  dependencies:
    "@turf/helpers" "6.x"

"@turf/line-intersect@6.x", "@turf/line-intersect@^6.0.2":
  version "6.0.2"
  resolved "https://registry.yarnpkg.com/@turf/line-intersect/-/line-intersect-6.0.2.tgz#b45b7a4e7e08c39a0e4e91099580ed377ef7335f"
  integrity sha512-pfL/lBu7ukBPdTjvSCmcNUzZ83V4R95htwqs5NqU8zeS4R+5KTwacbrOYKztjpmHBwUmPEIIpSbqkUoD0Fp7kg==
  dependencies:
    "@turf/helpers" "6.x"
    "@turf/invariant" "6.x"
    "@turf/line-segment" "6.x"
    "@turf/meta" "6.x"
    geojson-rbush "3.x"

"@turf/line-segment@6.x":
  version "6.0.2"
  resolved "https://registry.yarnpkg.com/@turf/line-segment/-/line-segment-6.0.2.tgz#e280bcde70d28b694028ec1623dc406c928e59b6"
  integrity sha512-8AkzDHoNw3X68y115josal+lvdAi4b2P1K0YNTKGyLRBaUhPXVSuMBpMd53FRF1hYEb9UJgMbugF9ZE7m5L6zg==
  dependencies:
    "@turf/helpers" "6.x"
    "@turf/invariant" "6.x"
    "@turf/meta" "6.x"

"@turf/meta@6.x":
  version "6.0.2"
  resolved "https://registry.yarnpkg.com/@turf/meta/-/meta-6.0.2.tgz#eb92951126d24a613ac1b7b99d733fcc20fd30cf"
  integrity sha512-VA7HJkx7qF1l3+GNGkDVn2oXy4+QoLP6LktXAaZKjuT1JI0YESat7quUkbCMy4zP9lAUuvS4YMslLyTtr919FA==
  dependencies:
    "@turf/helpers" "6.x"

"@turf/polygon-to-line@6.x":
  version "6.0.3"
  resolved "https://registry.yarnpkg.com/@turf/polygon-to-line/-/polygon-to-line-6.0.3.tgz#a7c5416f61651d5d25ff51ee006522725cb1adf1"
  integrity sha512-cJUy7VYLAhgnTBOtYFjNzh5bSlAS/qM8gUHXRGrIxI22RUJk4FXs/X2MEJ4Ki2flCiSeOjRIUEawEslNe7w7RA==
  dependencies:
    "@turf/helpers" "6.x"
    "@turf/invariant" "6.x"

barycentric@^1.0.1:
  version "1.0.1"
  resolved "https://registry.yarnpkg.com/barycentric/-/barycentric-1.0.1.tgz#f1562bb891b26f4fec463a82eeda3657800ec688"
  integrity sha1-8VYruJGyb0/sRjqC7to2V4AOxog=
  dependencies:
    robust-linear-solve "^1.0.0"

geojson-rbush@3.x:
  version "3.1.2"
  resolved "https://registry.yarnpkg.com/geojson-rbush/-/geojson-rbush-3.1.2.tgz#577d6ec70ba986d4e60b741f1df5147faeb82c97"
  integrity sha512-grkfdg3HIeTjwTfiJe5FT8+fGU3fABCc+vRJDBwdQz9kkLF0Sbif2gs2JUzjewwgmnvLGy9fInySDeADoNuk7w==
  dependencies:
    "@turf/bbox" "*"
    "@turf/helpers" "6.x"
    "@turf/meta" "6.x"
    rbush "^2.0.0"

gl-matrix@^3.0.0:
  version "3.2.1"
  resolved "https://registry.yarnpkg.com/gl-matrix/-/gl-matrix-3.2.1.tgz#2d8e35125bf854f49abded8a0c8350b1a4907a26"
  integrity sha512-YYVO8jUSf6+SakL4AJmx9Jc7zAZhkJQ+WhdtX3VQe5PJdCOX6/ybY4x1vk+h94ePnjRn6uml68+QxTAJneUpvA==

hammerjs@^2.0.8:
  version "2.0.8"
  resolved "https://registry.yarnpkg.com/hammerjs/-/hammerjs-2.0.8.tgz#04ef77862cff2bb79d30f7692095930222bf60f1"
  integrity sha1-BO93hiz/K7edMPdpIJWTAiK/YPE=

math.gl@^3.1.2:
  version "3.1.3"
  resolved "https://registry.yarnpkg.com/math.gl/-/math.gl-3.1.3.tgz#1e702df8cba024cc229e18e3c57c60a27943cb95"
  integrity sha512-3OYCtzTOW1wkZufjsxk8g1D77+z+x7QehOZcMFPGgw1QjVEFNcyy3ql6hdrZpUlkyE3pX4lYak7WOIE+n0obYg==
  dependencies:
    "@math.gl/core" "3.1.3"

mjolnir.js@^2.3.0:
  version "2.4.0"
  resolved "https://registry.yarnpkg.com/mjolnir.js/-/mjolnir.js-2.4.0.tgz#247f1640d8382c07c3030595f7957e1a5383b6e4"
  integrity sha512-0WyWlc5EzdZ7eD0Fjy1DarzJpknesJaMJ6P0c6gDlbotfj3GRzv0odTXfTVVMm9WxEQSUzxosdnPqnd0SDxIyA==
  dependencies:
    "@babel/runtime" "^7.0.0"
    hammerjs "^2.0.8"

probe.gl@^3.2.0:
  version "3.2.1"
  resolved "https://registry.yarnpkg.com/probe.gl/-/probe.gl-3.2.1.tgz#c92db3e89df6c45a9fe0377890c6b0ded35d2974"
  integrity sha512-ax0flZWVcrw3FF9MMt84mqfIckjkB7ItGer9rr8zlUbkIyzt66ypeJVLQlC28dJ/RBZtriflt2sVAhjENFohQA==
  dependencies:
    "@babel/runtime" "^7.0.0"
    "@probe.gl/stats" "3.2.1"

quickselect@^1.0.1:
  version "1.1.1"
  resolved "https://registry.yarnpkg.com/quickselect/-/quickselect-1.1.1.tgz#852e412ce418f237ad5b660d70cffac647ae94c2"
  integrity sha512-qN0Gqdw4c4KGPsBOQafj6yj/PA6c/L63f6CaZ/DCF/xF4Esu3jVmKLUDYxghFx8Kb/O7y9tI7x2RjTSXwdK1iQ==

quickselect@^2.0.0:
  version "2.0.0"
  resolved "https://registry.yarnpkg.com/quickselect/-/quickselect-2.0.0.tgz#f19680a486a5eefb581303e023e98faaf25dd018"
  integrity sha512-RKJ22hX8mHe3Y6wH/N3wCM6BWtjaxIyyUIkpHOvfFnxdI4yD4tBXEBKSbriGujF6jnSVkJrffuo6vxACiSSxIw==

rbush@^2.0.0:
  version "2.0.2"
  resolved "https://registry.yarnpkg.com/rbush/-/rbush-2.0.2.tgz#bb6005c2731b7ba1d5a9a035772927d16a614605"
  integrity sha512-XBOuALcTm+O/H8G90b6pzu6nX6v2zCKiFG4BJho8a+bY6AER6t8uQUZdi5bomQc0AprCWhEGa7ncAbbRap0bRA==
  dependencies:
    quickselect "^1.0.1"

rbush@^3.0.1:
  version "3.0.1"
  resolved "https://registry.yarnpkg.com/rbush/-/rbush-3.0.1.tgz#5fafa8a79b3b9afdfe5008403a720cc1de882ecf"
  integrity sha512-XRaVO0YecOpEuIvbhbpTrZgoiI6xBlz6hnlr6EHhd+0x9ase6EmeN+hdwwUaJvLcsFFQ8iWVF1GAK1yB0BWi0w==
  dependencies:
    quickselect "^2.0.0"

regenerator-runtime@^0.13.4:
  version "0.13.4"
  resolved "https://registry.yarnpkg.com/regenerator-runtime/-/regenerator-runtime-0.13.4.tgz#e96bf612a3362d12bb69f7e8f74ffeab25c7ac91"
  integrity sha512-plpwicqEzfEyTQohIKktWigcLzmNStMGwbOUbykx51/29Z3JOGYldaaNGK7ngNXV+UcoqvIMmloZ48Sr74sd+g==

robust-compress@^1.0.0:
  version "1.0.0"
  resolved "https://registry.yarnpkg.com/robust-compress/-/robust-compress-1.0.0.tgz#4cf62c4b318d8308516012bb8c11752f39329b1b"
  integrity sha1-TPYsSzGNgwhRYBK7jBF1Lzkymxs=

robust-determinant@^1.1.0:
  version "1.1.0"
  resolved "https://registry.yarnpkg.com/robust-determinant/-/robust-determinant-1.1.0.tgz#8ecae79b79caab3e74f6debe2237e5391a27e9c7"
  integrity sha1-jsrnm3nKqz509t6+IjflORon6cc=
  dependencies:
    robust-compress "^1.0.0"
    robust-scale "^1.0.0"
    robust-sum "^1.0.0"
    two-product "^1.0.0"

robust-linear-solve@^1.0.0:
  version "1.0.0"
  resolved "https://registry.yarnpkg.com/robust-linear-solve/-/robust-linear-solve-1.0.0.tgz#0cd6ac5040691a6f2aa3cd6311d728905ca3a1f1"
  integrity sha1-DNasUEBpGm8qo81jEdcokFyjofE=
  dependencies:
    robust-determinant "^1.1.0"

robust-scale@^1.0.0:
  version "1.0.2"
  resolved "https://registry.yarnpkg.com/robust-scale/-/robust-scale-1.0.2.tgz#775132ed09542d028e58b2cc79c06290bcf78c32"
  integrity sha1-d1Ey7QlULQKOWLLMecBikLz3jDI=
  dependencies:
    two-product "^1.0.2"
    two-sum "^1.0.0"

robust-sum@^1.0.0:
  version "1.0.0"
  resolved "https://registry.yarnpkg.com/robust-sum/-/robust-sum-1.0.0.tgz#16646e525292b4d25d82757a286955e0bbfa53d9"
  integrity sha1-FmRuUlKStNJdgnV6KGlV4Lv6U9k=

two-product@^1.0.0, two-product@^1.0.2:
  version "1.0.2"
  resolved "https://registry.yarnpkg.com/two-product/-/two-product-1.0.2.tgz#67d95d4b257a921e2cb4bd7af9511f9088522eaa"
  integrity sha1-Z9ldSyV6kh4stL16+VEfkIhSLqo=

two-sum@^1.0.0:
  version "1.0.0"
  resolved "https://registry.yarnpkg.com/two-sum/-/two-sum-1.0.0.tgz#31d3f32239e4f731eca9df9155e2b297f008ab64"
  integrity sha1-MdPzIjnk9zHsqd+RVeKyl/AIq2Q=
